---
title: Twitch Subscriber Emotes - blockbyblock
emojis:
- name: bbbstrongk
  src: https://static-cdn.jtvnw.net/emoticons/v1/7018/1.0
- name: bbbshades
  src: https://static-cdn.jtvnw.net/emoticons/v1/7017/1.0
- name: bbbsurebuddy
  src: https://static-cdn.jtvnw.net/emoticons/v1/7019/1.0
- name: bbbducke
  src: https://static-cdn.jtvnw.net/emoticons/v1/6872/1.0
- name: bbbblocke
  src: https://static-cdn.jtvnw.net/emoticons/v1/6870/1.0
- name: bbbdoge
  src: https://static-cdn.jtvnw.net/emoticons/v1/6881/1.0
- name: bbbvoxel
  src: https://static-cdn.jtvnw.net/emoticons/v1/6947/1.0
- name: bbbturke
  src: https://static-cdn.jtvnw.net/emoticons/v1/7721/1.0
- name: bbbzb
  src: https://static-cdn.jtvnw.net/emoticons/v1/7298/1.0
- name: bbblove
  src: https://static-cdn.jtvnw.net/emoticons/v1/10395/1.0
