---
title: Twitch Subscriber Emotes - rushlock
emojis:
- name: rushwave
  src: https://static-cdn.jtvnw.net/emoticons/v1/9530/1.0
- name: rushsalute
  src: https://static-cdn.jtvnw.net/emoticons/v1/9529/1.0
- name: rushburger
  src: https://static-cdn.jtvnw.net/emoticons/v1/11408/1.0
- name: rushhelm
  src: https://static-cdn.jtvnw.net/emoticons/v1/30777/1.0
- name: rushkappa
  src: https://static-cdn.jtvnw.net/emoticons/v1/45944/1.0
- name: rushgaz
  src: https://static-cdn.jtvnw.net/emoticons/v1/69177/1.0
- name: rushgg
  src: https://static-cdn.jtvnw.net/emoticons/v1/98642/1.0
