---
title: Twitch Subscriber Emotes - chloelock
emojis:
- name: chloelol
  src: https://static-cdn.jtvnw.net/emoticons/v1/94687/1.0
- name: chloehey
  src: https://static-cdn.jtvnw.net/emoticons/v1/101116/1.0
- name: chloehatchi
  src: https://static-cdn.jtvnw.net/emoticons/v1/80707/1.0
- name: chloelove
  src: https://static-cdn.jtvnw.net/emoticons/v1/80712/1.0
- name: chloecry
  src: https://static-cdn.jtvnw.net/emoticons/v1/80716/1.0
- name: chloeangry
  src: https://static-cdn.jtvnw.net/emoticons/v1/101127/1.0
- name: chloejohn
  src: https://static-cdn.jtvnw.net/emoticons/v1/101117/1.0
- name: chloesub
  src: https://static-cdn.jtvnw.net/emoticons/v1/101200/1.0
